
Microsoft Visual Studio Solution File, Format Version 12.00
# Visual Studio Version 16
VisualStudioVersion = 16.0.31005.135
MinimumVisualStudioVersion = 10.0.40219.1
Project("{FAE04EC0-301F-11D3-BF4B-00C04F79EFBC}") = "Guia_2", "Guia_2\Guia_2.csproj", "{A056631F-E7FA-4EB0-97AC-459D0A1D19BF}"
EndProject
Global
	GlobalSection(SolutionConfigurationPlatforms) = preSolution
		Debug|Any CPU = Debug|Any CPU
		Release|Any CPU = Release|Any CPU
	EndGlobalSection
	GlobalSection(ProjectConfigurationPlatforms) = postSolution
		{A056631F-E7FA-4EB0-97AC-459D0A1D19BF}.Debug|Any CPU.ActiveCfg = Debug|Any CPU
		{A056631F-E7FA-4EB0-97AC-459D0A1D19BF}.Debug|Any CPU.Build.0 = Debug|Any CPU
		{A056631F-E7FA-4EB0-97AC-459D0A1D19BF}.Release|Any CPU.ActiveCfg = Release|Any CPU
		{A056631F-E7FA-4EB0-97AC-459D0A1D19BF}.Release|Any CPU.Build.0 = Release|Any CPU
	EndGlobalSection
	GlobalSection(SolutionProperties) = preSolution
		HideSolutionNode = FALSE
	EndGlobalSection
	GlobalSection(ExtensibilityGlobals) = postSolution
		SolutionGuid = {C983E357-D380-4CFD-B0B7-E1504564C209}
	EndGlobalSection
EndGlobal
